
Microsoft Visual Studio Solution File, Format Version 12.00
# Visual Studio Version 16
VisualStudioVersion = 16.0.30114.105
MinimumVisualStudioVersion = 10.0.40219.1
Project("{9A19103F-16F7-4668-BE54-9A1E7A4F7556}") = "LazyTask", "LazyTask\LazyTask.csproj", "{4F06344F-E9E1-4AB3-A979-32DBC544CF5A}"
EndProject
Project("{9A19103F-16F7-4668-BE54-9A1E7A4F7556}") = "LazyTask.Test", "LazyTask.Test\LazyTask.Test.csproj", "{FE42FE8F-0AB1-4A05-B827-C243F0226CB2}"
EndProject
Global
	GlobalSection(SolutionConfigurationPlatforms) = preSolution
		Debug|Any CPU = Debug|Any CPU
		Release|Any CPU = Release|Any CPU
	EndGlobalSection
	GlobalSection(ProjectConfigurationPlatforms) = postSolution
		{4F06344F-E9E1-4AB3-A979-32DBC544CF5A}.Debug|Any CPU.ActiveCfg = Debug|Any CPU
		{4F06344F-E9E1-4AB3-A979-32DBC544CF5A}.Debug|Any CPU.Build.0 = Debug|Any CPU
		{4F06344F-E9E1-4AB3-A979-32DBC544CF5A}.Release|Any CPU.ActiveCfg = Release|Any CPU
		{4F06344F-E9E1-4AB3-A979-32DBC544CF5A}.Release|Any CPU.Build.0 = Release|Any CPU
		{FE42FE8F-0AB1-4A05-B827-C243F0226CB2}.Debug|Any CPU.ActiveCfg = Debug|Any CPU
		{FE42FE8F-0AB1-4A05-B827-C243F0226CB2}.Debug|Any CPU.Build.0 = Debug|Any CPU
		{FE42FE8F-0AB1-4A05-B827-C243F0226CB2}.Release|Any CPU.ActiveCfg = Release|Any CPU
		{FE42FE8F-0AB1-4A05-B827-C243F0226CB2}.Release|Any CPU.Build.0 = Release|Any CPU
	EndGlobalSection
	GlobalSection(SolutionProperties) = preSolution
		HideSolutionNode = FALSE
	EndGlobalSection
	GlobalSection(ExtensibilityGlobals) = postSolution
		SolutionGuid = {05EE4180-BFE0-48CA-ACBC-54F3127D8081}
	EndGlobalSection
EndGlobal
